
Microsoft Visual Studio Solution File, Format Version 12.00
# Visual Studio Version 16
VisualStudioVersion = 16.0.31205.134
MinimumVisualStudioVersion = 10.0.40219.1
Project("{FAE04EC0-301F-11D3-BF4B-00C04F79EFBC}") = "WebApp", "WebApp.csproj", "{4FDE24C5-3BCD-46E9-8C76-1E15F7F93D76}"
EndProject
Global
	GlobalSection(SolutionConfigurationPlatforms) = preSolution
		Debug|Any CPU = Debug|Any CPU
		Release|Any CPU = Release|Any CPU
	EndGlobalSection
	GlobalSection(ProjectConfigurationPlatforms) = postSolution
		{4FDE24C5-3BCD-46E9-8C76-1E15F7F93D76}.Debug|Any CPU.ActiveCfg = Debug|Any CPU
		{4FDE24C5-3BCD-46E9-8C76-1E15F7F93D76}.Debug|Any CPU.Build.0 = Debug|Any CPU
		{4FDE24C5-3BCD-46E9-8C76-1E15F7F93D76}.Release|Any CPU.ActiveCfg = Release|Any CPU
		{4FDE24C5-3BCD-46E9-8C76-1E15F7F93D76}.Release|Any CPU.Build.0 = Release|Any CPU
	EndGlobalSection
	GlobalSection(SolutionProperties) = preSolution
		HideSolutionNode = FALSE
	EndGlobalSection
	GlobalSection(ExtensibilityGlobals) = postSolution
		SolutionGuid = {4114834A-A2F4-4DB6-A291-AEB814401E71}
	EndGlobalSection
EndGlobal
